
Microsoft Visual Studio Solution File, Format Version 12.00
# Visual Studio Version 16
VisualStudioVersion = 16.0.30523.141
MinimumVisualStudioVersion = 10.0.40219.1
Project("{FAE04EC0-301F-11D3-BF4B-00C04F79EFBC}") = "Library", "Library\Library.csproj", "{B9D75C2E-9CFD-419D-996D-7A4B28F2493A}"
EndProject
Global
	GlobalSection(SolutionConfigurationPlatforms) = preSolution
		Debug|Any CPU = Debug|Any CPU
		Release|Any CPU = Release|Any CPU
	EndGlobalSection
	GlobalSection(ProjectConfigurationPlatforms) = postSolution
		{B9D75C2E-9CFD-419D-996D-7A4B28F2493A}.Debug|Any CPU.ActiveCfg = Debug|Any CPU
		{B9D75C2E-9CFD-419D-996D-7A4B28F2493A}.Debug|Any CPU.Build.0 = Debug|Any CPU
		{B9D75C2E-9CFD-419D-996D-7A4B28F2493A}.Release|Any CPU.ActiveCfg = Release|Any CPU
		{B9D75C2E-9CFD-419D-996D-7A4B28F2493A}.Release|Any CPU.Build.0 = Release|Any CPU
	EndGlobalSection
	GlobalSection(SolutionProperties) = preSolution
		HideSolutionNode = FALSE
	EndGlobalSection
	GlobalSection(ExtensibilityGlobals) = postSolution
		SolutionGuid = {B1EB471C-103D-4EC7-A4B7-5C6F66E77308}
	EndGlobalSection
EndGlobal
